Microsoft Visual Studio Solution File, Format Version 12.00
# Visual Studio 15
VisualStudioVersion = 15.0.27004.2006
MinimumVisualStudioVersion = 10.0.40219.1
Project("{9A19103F-16F7-4668-BE54-9A1E7A4F7556}") = "DayPrinter", "DayPrinter\DayPrinter.csproj", "{B3E76AAA-3BE8-49C7-A831-64EF68C6F28D}"
EndProject
Project("{9A19103F-16F7-4668-BE54-9A1E7A4F7556}") = "ElseIf", "ElseIf\ElseIf.csproj", "{C7008ACC-EE4B-49CC-B7FB-5F9F95E257A9}"
EndProject
Project("{9A19103F-16F7-4668-BE54-9A1E7A4F7556}") = "TempConv", "TempConv\TempConv.csproj", "{6D18F93D-E26F-4FF4-ABF2-1450FD9FB19D}"
EndProject
Project("{9A19103F-16F7-4668-BE54-9A1E7A4F7556}") = "HelloMethods", "HelloMethods\HelloMethods.csproj", "{9B69E0D2-FBD5-4FB4-9D40-768AE4F57300}"
EndProject
Project("{9A19103F-16F7-4668-BE54-9A1E7A4F7556}") = "Gradebook", "Gradebook\Gradebook.csproj", "{9E08496B-2501-4CBF-844F-8FD7BA97F4E6}"
EndProject
Project("{9A19103F-16F7-4668-BE54-9A1E7A4F7556}") = "GradebookDict", "GradebookDict\GradebookDict.csproj", "{EFCB1B91-2E92-478F-BFF7-013FF6911DCC}"
EndProject
Project("{9A19103F-16F7-4668-BE54-9A1E7A4F7556}") = "GradebookArray", "GradebookArray\GradebookArray.csproj", "{89051A0E-8D18-48C3-B4E6-D05F62D252CE}"
EndProject
Project("{9A19103F-16F7-4668-BE54-9A1E7A4F7556}") = "HelloWorld", "HelloWorld\HelloWorld.csproj", "{12D90FBA-1B8B-4EB8-90DD-FDD1EACAC25D}"
EndProject
Project("{FAE04EC0-301F-11D3-BF4B-00C04F79EFBC}") = "HelloWorldName", "HelloWorldName\HelloWorldName.csproj", "{9D46D236-D10B-43BC-B4F8-6FF0B3571D39}"
EndProject
Project("{FAE04EC0-301F-11D3-BF4B-00C04F79EFBC}") = "RectangleArea", "RectangleArea\RectangleArea.csproj", "{DBB35213-9674-4E0A-8B01-CD969C2E34BF}"
EndProject
Project("{FAE04EC0-301F-11D3-BF4B-00C04F79EFBC}") = "MilesPerGallon", "MilesPerGallon\MilesPerGallon.csproj", "{7F7BD2EF-3070-4F4B-B48C-7DCB077FA94F}"
EndProject
Project("{FAE04EC0-301F-11D3-BF4B-00C04F79EFBC}") = "AliceInWonderland", "AliceInWonderland\AliceInWonderland.csproj", "{FECC6DC5-D23E-49E6-BD6C-EDFDFF851011}"
EndProject
Project("{9A19103F-16F7-4668-BE54-9A1E7A4F7556}") = "DemoThing", "Class1Demo\DemoThing.csproj", "{AD556DD1-F451-4C8E-9C51-F1389A8EB106}"
EndProject
Project("{9A19103F-16F7-4668-BE54-9A1E7A4F7556}") = "LiveCodeFunTime", "LiveCodeFunTime\LiveCodeFunTime.csproj", "{CC888D0E-482A-4F8E-B85F-D942D53D7268}"
EndProject
Project("{9A19103F-16F7-4668-BE54-9A1E7A4F7556}") = "Area", "Area\Area.csproj", "{24A6A64C-1A3A-4824-9189-3AF67C04B587}"
EndProject
Project("{9A19103F-16F7-4668-BE54-9A1E7A4F7556}") = "Sum", "Sum\Sum.csproj", "{1E7C3F06-B167-40AF-B3B9-92C0B4A3785C}"
EndProject
Project("{9A19103F-16F7-4668-BE54-9A1E7A4F7556}") = "GradebookDictMod", "GradebookDictMod\GradebookDictMod.csproj", "{35718C57-5628-4881-BD52-44DB6EE8692E}"
EndProject
Project("{9A19103F-16F7-4668-BE54-9A1E7A4F7556}") = "GradebookSB", "GradebookSB\GradebookSB.csproj", "{E140F3A1-64BC-4EFF-A102-B0D9C8681F0F}"
EndProject
Project("{9A19103F-16F7-4668-BE54-9A1E7A4F7556}") = "Array", "Array\Array.csproj", "{4794315B-2636-4472-AA57-A6CCD064A820}"
EndProject
Global
	GlobalSection(SolutionConfigurationPlatforms) = preSolution
		Debug|Any CPU = Debug|Any CPU
		Release|Any CPU = Release|Any CPU
	EndGlobalSection
	GlobalSection(ProjectConfigurationPlatforms) = postSolution
		{B3E76AAA-3BE8-49C7-A831-64EF68C6F28D}.Debug|Any CPU.ActiveCfg = Debug|Any CPU
		{B3E76AAA-3BE8-49C7-A831-64EF68C6F28D}.Debug|Any CPU.Build.0 = Debug|Any CPU
		{B3E76AAA-3BE8-49C7-A831-64EF68C6F28D}.Release|Any CPU.ActiveCfg = Release|Any CPU
		{B3E76AAA-3BE8-49C7-A831-64EF68C6F28D}.Release|Any CPU.Build.0 = Release|Any CPU
		{C7008ACC-EE4B-49CC-B7FB-5F9F95E257A9}.Debug|Any CPU.ActiveCfg = Debug|Any CPU
		{C7008ACC-EE4B-49CC-B7FB-5F9F95E257A9}.Debug|Any CPU.Build.0 = Debug|Any CPU
		{C7008ACC-EE4B-49CC-B7FB-5F9F95E257A9}.Release|Any CPU.ActiveCfg = Release|Any CPU
		{C7008ACC-EE4B-49CC-B7FB-5F9F95E257A9}.Release|Any CPU.Build.0 = Release|Any CPU
		{6D18F93D-E26F-4FF4-ABF2-1450FD9FB19D}.Debug|Any CPU.ActiveCfg = Debug|Any CPU
		{6D18F93D-E26F-4FF4-ABF2-1450FD9FB19D}.Debug|Any CPU.Build.0 = Debug|Any CPU
		{6D18F93D-E26F-4FF4-ABF2-1450FD9FB19D}.Release|Any CPU.ActiveCfg = Release|Any CPU
		{6D18F93D-E26F-4FF4-ABF2-1450FD9FB19D}.Release|Any CPU.Build.0 = Release|Any CPU
		{9B69E0D2-FBD5-4FB4-9D40-768AE4F57300}.Debug|Any CPU.ActiveCfg = Debug|Any CPU
		{9B69E0D2-FBD5-4FB4-9D40-768AE4F57300}.Debug|Any CPU.Build.0 = Debug|Any CPU
		{9B69E0D2-FBD5-4FB4-9D40-768AE4F57300}.Release|Any CPU.ActiveCfg = Release|Any CPU
		{9B69E0D2-FBD5-4FB4-9D40-768AE4F57300}.Release|Any CPU.Build.0 = Release|Any CPU
		{9E08496B-2501-4CBF-844F-8FD7BA97F4E6}.Debug|Any CPU.ActiveCfg = Debug|Any CPU
		{9E08496B-2501-4CBF-844F-8FD7BA97F4E6}.Debug|Any CPU.Build.0 = Debug|Any CPU
		{9E08496B-2501-4CBF-844F-8FD7BA97F4E6}.Release|Any CPU.ActiveCfg = Release|Any CPU
		{9E08496B-2501-4CBF-844F-8FD7BA97F4E6}.Release|Any CPU.Build.0 = Release|Any CPU
		{EFCB1B91-2E92-478F-BFF7-013FF6911DCC}.Debug|Any CPU.ActiveCfg = Debug|Any CPU
		{EFCB1B91-2E92-478F-BFF7-013FF6911DCC}.Debug|Any CPU.Build.0 = Debug|Any CPU
		{EFCB1B91-2E92-478F-BFF7-013FF6911DCC}.Release|Any CPU.ActiveCfg = Release|Any CPU
		{EFCB1B91-2E92-478F-BFF7-013FF6911DCC}.Release|Any CPU.Build.0 = Release|Any CPU
		{89051A0E-8D18-48C3-B4E6-D05F62D252CE}.Debug|Any CPU.ActiveCfg = Debug|Any CPU
		{89051A0E-8D18-48C3-B4E6-D05F62D252CE}.Debug|Any CPU.Build.0 = Debug|Any CPU
		{89051A0E-8D18-48C3-B4E6-D05F62D252CE}.Release|Any CPU.ActiveCfg = Release|Any CPU
		{89051A0E-8D18-48C3-B4E6-D05F62D252CE}.Release|Any CPU.Build.0 = Release|Any CPU
		{12D90FBA-1B8B-4EB8-90DD-FDD1EACAC25D}.Debug|Any CPU.ActiveCfg = Debug|Any CPU
		{12D90FBA-1B8B-4EB8-90DD-FDD1EACAC25D}.Debug|Any CPU.Build.0 = Debug|Any CPU
		{12D90FBA-1B8B-4EB8-90DD-FDD1EACAC25D}.Release|Any CPU.ActiveCfg = Release|Any CPU
		{12D90FBA-1B8B-4EB8-90DD-FDD1EACAC25D}.Release|Any CPU.Build.0 = Release|Any CPU
		{9D46D236-D10B-43BC-B4F8-6FF0B3571D39}.Debug|Any CPU.ActiveCfg = Debug|Any CPU
		{9D46D236-D10B-43BC-B4F8-6FF0B3571D39}.Debug|Any CPU.Build.0 = Debug|Any CPU
		{9D46D236-D10B-43BC-B4F8-6FF0B3571D39}.Release|Any CPU.ActiveCfg = Release|Any CPU
		{9D46D236-D10B-43BC-B4F8-6FF0B3571D39}.Release|Any CPU.Build.0 = Release|Any CPU
		{DBB35213-9674-4E0A-8B01-CD969C2E34BF}.Debug|Any CPU.ActiveCfg = Debug|Any CPU
		{DBB35213-9674-4E0A-8B01-CD969C2E34BF}.Debug|Any CPU.Build.0 = Debug|Any CPU
		{DBB35213-9674-4E0A-8B01-CD969C2E34BF}.Release|Any CPU.ActiveCfg = Release|Any CPU
		{DBB35213-9674-4E0A-8B01-CD969C2E34BF}.Release|Any CPU.Build.0 = Release|Any CPU
		{7F7BD2EF-3070-4F4B-B48C-7DCB077FA94F}.Debug|Any CPU.ActiveCfg = Debug|Any CPU
		{7F7BD2EF-3070-4F4B-B48C-7DCB077FA94F}.Debug|Any CPU.Build.0 = Debug|Any CPU
		{7F7BD2EF-3070-4F4B-B48C-7DCB077FA94F}.Release|Any CPU.ActiveCfg = Release|Any CPU
		{7F7BD2EF-3070-4F4B-B48C-7DCB077FA94F}.Release|Any CPU.Build.0 = Release|Any CPU
		{FECC6DC5-D23E-49E6-BD6C-EDFDFF851011}.Debug|Any CPU.ActiveCfg = Debug|Any CPU
		{FECC6DC5-D23E-49E6-BD6C-EDFDFF851011}.Debug|Any CPU.Build.0 = Debug|Any CPU
		{FECC6DC5-D23E-49E6-BD6C-EDFDFF851011}.Release|Any CPU.ActiveCfg = Release|Any CPU
		{FECC6DC5-D23E-49E6-BD6C-EDFDFF851011}.Release|Any CPU.Build.0 = Release|Any CPU
		{AD556DD1-F451-4C8E-9C51-F1389A8EB106}.Debug|Any CPU.ActiveCfg = Debug|Any CPU
		{AD556DD1-F451-4C8E-9C51-F1389A8EB106}.Debug|Any CPU.Build.0 = Debug|Any CPU
		{AD556DD1-F451-4C8E-9C51-F1389A8EB106}.Release|Any CPU.ActiveCfg = Release|Any CPU
		{AD556DD1-F451-4C8E-9C51-F1389A8EB106}.Release|Any CPU.Build.0 = Release|Any CPU
		{CC888D0E-482A-4F8E-B85F-D942D53D7268}.Debug|Any CPU.ActiveCfg = Debug|Any CPU
		{CC888D0E-482A-4F8E-B85F-D942D53D7268}.Debug|Any CPU.Build.0 = Debug|Any CPU
		{CC888D0E-482A-4F8E-B85F-D942D53D7268}.Release|Any CPU.ActiveCfg = Release|Any CPU
		{CC888D0E-482A-4F8E-B85F-D942D53D7268}.Release|Any CPU.Build.0 = Release|Any CPU
		{24A6A64C-1A3A-4824-9189-3AF67C04B587}.Debug|Any CPU.ActiveCfg = Debug|Any CPU
		{24A6A64C-1A3A-4824-9189-3AF67C04B587}.Debug|Any CPU.Build.0 = Debug|Any CPU
		{24A6A64C-1A3A-4824-9189-3AF67C04B587}.Release|Any CPU.ActiveCfg = Release|Any CPU
		{24A6A64C-1A3A-4824-9189-3AF67C04B587}.Release|Any CPU.Build.0 = Release|Any CPU
		{1E7C3F06-B167-40AF-B3B9-92C0B4A3785C}.Debug|Any CPU.ActiveCfg = Debug|Any CPU
		{1E7C3F06-B167-40AF-B3B9-92C0B4A3785C}.Debug|Any CPU.Build.0 = Debug|Any CPU
		{1E7C3F06-B167-40AF-B3B9-92C0B4A3785C}.Release|Any CPU.ActiveCfg = Release|Any CPU
		{1E7C3F06-B167-40AF-B3B9-92C0B4A3785C}.Release|Any CPU.Build.0 = Release|Any CPU
		{35718C57-5628-4881-BD52-44DB6EE8692E}.Debug|Any CPU.ActiveCfg = Debug|Any CPU
		{35718C57-5628-4881-BD52-44DB6EE8692E}.Debug|Any CPU.Build.0 = Debug|Any CPU
		{35718C57-5628-4881-BD52-44DB6EE8692E}.Release|Any CPU.ActiveCfg = Release|Any CPU
		{35718C57-5628-4881-BD52-44DB6EE8692E}.Release|Any CPU.Build.0 = Release|Any CPU
		{E140F3A1-64BC-4EFF-A102-B0D9C8681F0F}.Debug|Any CPU.ActiveCfg = Debug|Any CPU
		{E140F3A1-64BC-4EFF-A102-B0D9C8681F0F}.Debug|Any CPU.Build.0 = Debug|Any CPU
		{E140F3A1-64BC-4EFF-A102-B0D9C8681F0F}.Release|Any CPU.ActiveCfg = Release|Any CPU
		{E140F3A1-64BC-4EFF-A102-B0D9C8681F0F}.Release|Any CPU.Build.0 = Release|Any CPU
		{4794315B-2636-4472-AA57-A6CCD064A820}.Debug|Any CPU.ActiveCfg = Debug|Any CPU
		{4794315B-2636-4472-AA57-A6CCD064A820}.Debug|Any CPU.Build.0 = Debug|Any CPU
		{4794315B-2636-4472-AA57-A6CCD064A820}.Release|Any CPU.ActiveCfg = Release|Any CPU
		{4794315B-2636-4472-AA57-A6CCD064A820}.Release|Any CPU.Build.0 = Release|Any CPU
	EndGlobalSection
	GlobalSection(SolutionProperties) = preSolution
		HideSolutionNode = FALSE
	EndGlobalSection
	GlobalSection(ExtensibilityGlobals) = postSolution
		SolutionGuid = {55B145C7-A6D9-41D3-81E8-575CF7BB31AE}
	EndGlobalSection
EndGlobal
